// !$*UTF8*$!
{
	archiveVersion = 1;
	classes = {
	};
	objectVersion = 77;
	objects = {

/* Begin PBXBuildFile section */
		3F824B412F8CE832000009CB /* Supabase in Frameworks */ = {isa = PBXBuildFile; productRef = 3F824B402F8CE832000009CB /* Supabase */; };
		3F824B442F8CE89E000009CB /* GRDB in Frameworks */ = {isa = PBXBuildFile; productRef = 3F824B432F8CE89E000009CB /* GRDB */; };
		3F824DDF2F8CEE74000009CB /* WidgetKit.framework in Frameworks */ = {isa = PBXBuildFile; fileRef = 3F824DDE2F8CEE74000009CB /* WidgetKit.framework */; };
		3F824DE12F8CEE74000009CB /* SwiftUI.framework in Frameworks */ = {isa = PBXBuildFile; fileRef = 3F824DE02F8CEE74000009CB /* SwiftUI.framework */; };
		3F824DEE2F8CEE75000009CB /* ShiftTimerWidgetExtension.appex in Embed Foundation Extensions */ = {isa = PBXBuildFile; fileRef = 3F824DDC2F8CEE74000009CB /* ShiftTimerWidgetExtension.appex */; settings = {ATTRIBUTES = (RemoveHeadersOnCopy, ); }; };
		BB000001BBBB000000000001 /* ShiftWatch.app in Embed Watch Content */ = {isa = PBXBuildFile; fileRef = BB000002BBBB000000000002 /* ShiftWatch.app */; settings = {ATTRIBUTES = (RemoveHeadersOnCopy, ); }; };
/* End PBXBuildFile section */

/* Begin PBXContainerItemProxy section */
		3F824DEC2F8CEE75000009CB /* PBXContainerItemProxy */ = {
			isa = PBXContainerItemProxy;
			containerPortal = 3F4C3C042F8CE0FC00A9EB58 /* Project object */;
			proxyType = 1;
			remoteGlobalIDString = 3F824DDB2F8CEE74000009CB;
			remoteInfo = ShiftTimerWidgetExtension;
		};
		AA000006AAAA000000000006 /* PBXContainerItemProxy */ = {
			isa = PBXContainerItemProxy;
			containerPortal = 3F4C3C042F8CE0FC00A9EB58 /* Project object */;
			proxyType = 1;
			remoteGlobalIDString = 3F4C3C0B2F8CE0FC00A9EB58;
			remoteInfo = Shift;
		};
		BB000003BBBB000000000003 /* PBXContainerItemProxy */ = {
			isa = PBXContainerItemProxy;
			containerPortal = 3F4C3C042F8CE0FC00A9EB58 /* Project object */;
			proxyType = 1;
			remoteGlobalIDString = BB000010BBBB000000000010;
			remoteInfo = ShiftWatch;
		};
/* End PBXContainerItemProxy section */

/* Begin PBXCopyFilesBuildPhase section */
		3F824DF32F8CEE75000009CB /* Embed Foundation Extensions */ = {
			isa = PBXCopyFilesBuildPhase;
			buildActionMask = 2147483647;
			dstPath = "";
			dstSubfolderSpec = 13;
			files = (
				3F824DEE2F8CEE75000009CB /* ShiftTimerWidgetExtension.appex in Embed Foundation Extensions */,
			);
			name = "Embed Foundation Extensions";
			runOnlyForDeploymentPostprocessing = 0;
		};
		BB000004BBBB000000000004 /* Embed Watch Content */ = {
			isa = PBXCopyFilesBuildPhase;
			buildActionMask = 2147483647;
			dstPath = "$(CONTENTS_FOLDER_PATH)/Watch";
			dstSubfolderSpec = 16;
			files = (
				BB000001BBBB000000000001 /* ShiftWatch.app in Embed Watch Content */,
			);
			name = "Embed Watch Content";
			runOnlyForDeploymentPostprocessing = 0;
		};
/* End PBXCopyFilesBuildPhase section */

/* Begin PBXFileReference section */
		3F4C3C0C2F8CE0FC00A9EB58 /* Shift.app */ = {isa = PBXFileReference; explicitFileType = wrapper.application; includeInIndex = 0; path = Shift.app; sourceTree = BUILT_PRODUCTS_DIR; };
		3F824DDC2F8CEE74000009CB /* ShiftTimerWidgetExtension.appex */ = {isa = PBXFileReference; explicitFileType = "wrapper.app-extension"; includeInIndex = 0; path = ShiftTimerWidgetExtension.appex; sourceTree = BUILT_PRODUCTS_DIR; };
		3F824DDE2F8CEE74000009CB /* WidgetKit.framework */ = {isa = PBXFileReference; lastKnownFileType = wrapper.framework; name = WidgetKit.framework; path = System/Library/Frameworks/WidgetKit.framework; sourceTree = SDKROOT; };
		3F824DE02F8CEE74000009CB /* SwiftUI.framework */ = {isa = PBXFileReference; lastKnownFileType = wrapper.framework; name = SwiftUI.framework; path = System/Library/Frameworks/SwiftUI.framework; sourceTree = SDKROOT; };
		AA000001AAAA000000000001 /* ShiftTests.xctest */ = {isa = PBXFileReference; explicitFileType = wrapper.cfbundle; includeInIndex = 0; path = ShiftTests.xctest; sourceTree = BUILT_PRODUCTS_DIR; };
		BB000002BBBB000000000002 /* ShiftWatch.app */ = {isa = PBXFileReference; explicitFileType = wrapper.application; includeInIndex = 0; path = ShiftWatch.app; sourceTree = BUILT_PRODUCTS_DIR; };
/* End PBXFileReference section */

/* Begin PBXFileSystemSynchronizedBuildFileExceptionSet section */
		3F824DEF2F8CEE75000009CB /* Exceptions for "ShiftTimerWidget" folder in "ShiftTimerWidgetExtension" target */ = {
			isa = PBXFileSystemSynchronizedBuildFileExceptionSet;
			membershipExceptions = (
				Info.plist,
			);
			target = 3F824DDB2F8CEE74000009CB /* ShiftTimerWidgetExtension */;
		};
		3FB2F3FC2F8ED266003B8597 /* Exceptions for "Shift" folder in "Shift" target */ = {
			isa = PBXFileSystemSynchronizedBuildFileExceptionSet;
			membershipExceptions = (
				Info.plist,
			);
			target = 3F4C3C0B2F8CE0FC00A9EB58 /* Shift */;
		};
/* End PBXFileSystemSynchronizedBuildFileExceptionSet section */

/* Begin PBXFileSystemSynchronizedRootGroup section */
		3F4C3C0E2F8CE0FC00A9EB58 /* Shift */ = {
			isa = PBXFileSystemSynchronizedRootGroup;
			exceptions = (
				3FB2F3FC2F8ED266003B8597 /* Exceptions for "Shift" folder in "Shift" target */,
			);
			path = Shift;
			sourceTree = "<group>";
		};
		3F824DE22F8CEE74000009CB /* ShiftTimerWidget */ = {
			isa = PBXFileSystemSynchronizedRootGroup;
			exceptions = (
				3F824DEF2F8CEE75000009CB /* Exceptions for "ShiftTimerWidget" folder in "ShiftTimerWidgetExtension" target */,
			);
			path = ShiftTimerWidget;
			sourceTree = "<group>";
		};
		AA000002AAAA000000000002 /* ShiftTests */ = {
			isa = PBXFileSystemSynchronizedRootGroup;
			path = ShiftTests;
			sourceTree = "<group>";
		};
		BB000006BBBB000000000006 /* ShiftWatch */ = {
			isa = PBXFileSystemSynchronizedRootGroup;
			path = ShiftWatch;
			sourceTree = "<group>";
		};
		BB000007BBBB000000000007 /* Shared */ = {
			isa = PBXFileSystemSynchronizedRootGroup;
			path = Shared;
			sourceTree = "<group>";
		};
/* End PBXFileSystemSynchronizedRootGroup section */

/* Begin PBXFrameworksBuildPhase section */
		3F4C3C092F8CE0FC00A9EB58 /* Frameworks */ = {
			isa = PBXFrameworksBuildPhase;
			buildActionMask = 2147483647;
			files = (
				3F824B412F8CE832000009CB /* Supabase in Frameworks */,
				3F824B442F8CE89E000009CB /* GRDB in Frameworks */,
			);
			runOnlyForDeploymentPostprocessing = 0;
		};
		3F824DD92F8CEE74000009CB /* Frameworks */ = {
			isa = PBXFrameworksBuildPhase;
			buildActionMask = 2147483647;
			files = (
				3F824DE12F8CEE74000009CB /* SwiftUI.framework in Frameworks */,
				3F824DDF2F8CEE74000009CB /* WidgetKit.framework in Frameworks */,
			);
			runOnlyForDeploymentPostprocessing = 0;
		};
		AA000003AAAA000000000003 /* Frameworks */ = {
			isa = PBXFrameworksBuildPhase;
			buildActionMask = 2147483647;
			files = (
			);
			runOnlyForDeploymentPostprocessing = 0;
		};
		BB000008BBBB000000000008 /* Frameworks */ = {
			isa = PBXFrameworksBuildPhase;
			buildActionMask = 2147483647;
			files = (
			);
			runOnlyForDeploymentPostprocessing = 0;
		};
/* End PBXFrameworksBuildPhase section */

/* Begin PBXGroup section */
		3F4C3C032F8CE0FC00A9EB58 = {
			isa = PBXGroup;
			children = (
				3F4C3C0E2F8CE0FC00A9EB58 /* Shift */,
				3F824DE22F8CEE74000009CB /* ShiftTimerWidget */,
				BB000006BBBB000000000006 /* ShiftWatch */,
				BB000007BBBB000000000007 /* Shared */,
				AA000002AAAA000000000002 /* ShiftTests */,
				3F824DDD2F8CEE74000009CB /* Frameworks */,
				3F4C3C0D2F8CE0FC00A9EB58 /* Products */,
			);
			sourceTree = "<group>";
		};
		3F4C3C0D2F8CE0FC00A9EB58 /* Products */ = {
			isa = PBXGroup;
			children = (
				3F4C3C0C2F8CE0FC00A9EB58 /* Shift.app */,
				3F824DDC2F8CEE74000009CB /* ShiftTimerWidgetExtension.appex */,
				BB000002BBBB000000000002 /* ShiftWatch.app */,
				AA000001AAAA000000000001 /* ShiftTests.xctest */,
			);
			name = Products;
			sourceTree = "<group>";
		};
		3F824DDD2F8CEE74000009CB /* Frameworks */ = {
			isa = PBXGroup;
			children = (
				3F824DDE2F8CEE74000009CB /* WidgetKit.framework */,
				3F824DE02F8CEE74000009CB /* SwiftUI.framework */,
			);
			name = Frameworks;
			sourceTree = "<group>";
		};
/* End PBXGroup section */

/* Begin PBXNativeTarget section */
		3F4C3C0B2F8CE0FC00A9EB58 /* Shift */ = {
			isa = PBXNativeTarget;
			buildConfigurationList = 3F4C3C172F8CE0FD00A9EB58 /* Build configuration list for PBXNativeTarget "Shift" */;
			buildPhases = (
				3F4C3C082F8CE0FC00A9EB58 /* Sources */,
				3F4C3C092F8CE0FC00A9EB58 /* Frameworks */,
				3F4C3C0A2F8CE0FC00A9EB58 /* Resources */,
				3F824DF32F8CEE75000009CB /* Embed Foundation Extensions */,
				BB000004BBBB000000000004 /* Embed Watch Content */,
			);
			buildRules = (
			);
			dependencies = (
				3F824DED2F8CEE75000009CB /* PBXTargetDependency */,
				BB000009BBBB000000000009 /* PBXTargetDependency */,
			);
			fileSystemSynchronizedGroups = (
				3F4C3C0E2F8CE0FC00A9EB58 /* Shift */,
				BB000007BBBB000000000007 /* Shared */,
			);
			name = Shift;
			packageProductDependencies = (
				3F824B402F8CE832000009CB /* Supabase */,
				3F824B432F8CE89E000009CB /* GRDB */,
			);
			productName = Shift;
			productReference = 3F4C3C0C2F8CE0FC00A9EB58 /* Shift.app */;
			productType = "com.apple.product-type.application";
		};
		3F824DDB2F8CEE74000009CB /* ShiftTimerWidgetExtension */ = {
			isa = PBXNativeTarget;
			buildConfigurationList = 3F824DF02F8CEE75000009CB /* Build configuration list for PBXNativeTarget "ShiftTimerWidgetExtension" */;
			buildPhases = (
				3F824DD82F8CEE74000009CB /* Sources */,
				3F824DD92F8CEE74000009CB /* Frameworks */,
				3F824DDA2F8CEE74000009CB /* Resources */,
			);
			buildRules = (
			);
			dependencies = (
			);
			fileSystemSynchronizedGroups = (
				3F824DE22F8CEE74000009CB /* ShiftTimerWidget */,
			);
			name = ShiftTimerWidgetExtension;
			packageProductDependencies = (
			);
			productName = ShiftTimerWidgetExtension;
			productReference = 3F824DDC2F8CEE74000009CB /* ShiftTimerWidgetExtension.appex */;
			productType = "com.apple.product-type.app-extension";
		};
		AA000008AAAA000000000008 /* ShiftTests */ = {
			isa = PBXNativeTarget;
			buildConfigurationList = AA00000DAAAA00000000000D /* Build configuration list for PBXNativeTarget "ShiftTests" */;
			buildPhases = (
				AA000005AAAA000000000005 /* Sources */,
				AA000003AAAA000000000003 /* Frameworks */,
				AA000004AAAA000000000004 /* Resources */,
			);
			buildRules = (
			);
			dependencies = (
				AA000007AAAA000000000007 /* PBXTargetDependency */,
			);
			fileSystemSynchronizedGroups = (
				AA000002AAAA000000000002 /* ShiftTests */,
			);
			name = ShiftTests;
			packageProductDependencies = (
			);
			productName = ShiftTests;
			productReference = AA000001AAAA000000000001 /* ShiftTests.xctest */;
			productType = "com.apple.product-type.bundle.unit-test";
		};
		BB000010BBBB000000000010 /* ShiftWatch */ = {
			isa = PBXNativeTarget;
			buildConfigurationList = BB000020BBBB000000000020 /* Build configuration list for PBXNativeTarget "ShiftWatch" */;
			buildPhases = (
				BB000011BBBB000000000011 /* Sources */,
				BB000008BBBB000000000008 /* Frameworks */,
				BB000012BBBB000000000012 /* Resources */,
			);
			buildRules = (
			);
			dependencies = (
			);
			fileSystemSynchronizedGroups = (
				BB000006BBBB000000000006 /* ShiftWatch */,
				BB000007BBBB000000000007 /* Shared */,
			);
			name = ShiftWatch;
			packageProductDependencies = (
			);
			productName = ShiftWatch;
			productReference = BB000002BBBB000000000002 /* ShiftWatch.app */;
			productType = "com.apple.product-type.application";
		};
/* End PBXNativeTarget section */

/* Begin PBXProject section */
		3F4C3C042F8CE0FC00A9EB58 /* Project object */ = {
			isa = PBXProject;
			attributes = {
				BuildIndependentTargetsInParallel = 1;
				LastSwiftUpdateCheck = 2640;
				LastUpgradeCheck = 2640;
				TargetAttributes = {
					3F4C3C0B2F8CE0FC00A9EB58 = {
						CreatedOnToolsVersion = 26.4;
					};
					3F824DDB2F8CEE74000009CB = {
						CreatedOnToolsVersion = 26.4;
					};
					AA000008AAAA000000000008 = {
						CreatedOnToolsVersion = 26.4;
						TestTargetID = 3F4C3C0B2F8CE0FC00A9EB58;
					};
					BB000010BBBB000000000010 = {
						CreatedOnToolsVersion = 26.4;
					};
				};
			};
			buildConfigurationList = 3F4C3C072F8CE0FC00A9EB58 /* Build configuration list for PBXProject "Shift" */;
			developmentRegion = en;
			hasScannedForEncodings = 0;
			knownRegions = (
				en,
				Base,
			);
			mainGroup = 3F4C3C032F8CE0FC00A9EB58;
			minimizedProjectReferenceProxies = 1;
			packageReferences = (
				3F824B3F2F8CE832000009CB /* XCRemoteSwiftPackageReference "supabase-swift" */,
				3F824B422F8CE89E000009CB /* XCRemoteSwiftPackageReference "GRDB" */,
			);
			preferredProjectObjectVersion = 77;
			productRefGroup = 3F4C3C0D2F8CE0FC00A9EB58 /* Products */;
			projectDirPath = "";
			projectRoot = "";
			targets = (
				3F4C3C0B2F8CE0FC00A9EB58 /* Shift */,
				3F824DDB2F8CEE74000009CB /* ShiftTimerWidgetExtension */,
				BB000010BBBB000000000010 /* ShiftWatch */,
				AA000008AAAA000000000008 /* ShiftTests */,
			);
		};
/* End PBXProject section */

/* Begin PBXResourcesBuildPhase section */
		3F4C3C0A2F8CE0FC00A9EB58 /* Resources */ = {
			isa = PBXResourcesBuildPhase;
			buildActionMask = 2147483647;
			files = (
			);
			runOnlyForDeploymentPostprocessing = 0;
		};
		3F824DDA2F8CEE74000009CB /* Resources */ = {
			isa = PBXResourcesBuildPhase;
			buildActionMask = 2147483647;
			files = (
			);
			runOnlyForDeploymentPostprocessing = 0;
		};
		AA000004AAAA000000000004 /* Resources */ = {
			isa = PBXResourcesBuildPhase;
			buildActionMask = 2147483647;
			files = (
			);
			runOnlyForDeploymentPostprocessing = 0;
		};
		BB000012BBBB000000000012 /* Resources */ = {
			isa = PBXResourcesBuildPhase;
			buildActionMask = 2147483647;
			files = (
			);
			runOnlyForDeploymentPostprocessing = 0;
		};
/* End PBXResourcesBuildPhase section */

/* Begin PBXSourcesBuildPhase section */
		3F4C3C082F8CE0FC00A9EB58 /* Sources */ = {
			isa = PBXSourcesBuildPhase;
			buildActionMask = 2147483647;
			files = (
			);
			runOnlyForDeploymentPostprocessing = 0;
		};
		3F824DD82F8CEE74000009CB /* Sources */ = {
			isa = PBXSourcesBuildPhase;
			buildActionMask = 2147483647;
			files = (
			);
			runOnlyForDeploymentPostprocessing = 0;
		};
		AA000005AAAA000000000005 /* Sources */ = {
			isa = PBXSourcesBuildPhase;
			buildActionMask = 2147483647;
			files = (
			);
			runOnlyForDeploymentPostprocessing = 0;
		};
		BB000011BBBB000000000011 /* Sources */ = {
			isa = PBXSourcesBuildPhase;
			buildActionMask = 2147483647;
			files = (
			);
			runOnlyForDeploymentPostprocessing = 0;
		};
/* End PBXSourcesBuildPhase section */

/* Begin PBXTargetDependency section */
		3F824DED2F8CEE75000009CB /* PBXTargetDependency */ = {
			isa = PBXTargetDependency;
			target = 3F824DDB2F8CEE74000009CB /* ShiftTimerWidgetExtension */;
			targetProxy = 3F824DEC2F8CEE75000009CB /* PBXContainerItemProxy */;
		};
		AA000007AAAA000000000007 /* PBXTargetDependency */ = {
			isa = PBXTargetDependency;
			target = 3F4C3C0B2F8CE0FC00A9EB58 /* Shift */;
			targetProxy = AA000006AAAA000000000006 /* PBXContainerItemProxy */;
		};
		BB000009BBBB000000000009 /* PBXTargetDependency */ = {
			isa = PBXTargetDependency;
			target = BB000010BBBB000000000010 /* ShiftWatch */;
			targetProxy = BB000003BBBB000000000003 /* PBXContainerItemProxy */;
		};
/* End PBXTargetDependency section */

/* Begin XCBuildConfiguration section */
		3F4C3C152F8CE0FD00A9EB58 /* Debug */ = {
			isa = XCBuildConfiguration;
			buildSettings = {
				ALWAYS_SEARCH_USER_PATHS = NO;
				ASSETCATALOG_COMPILER_GENERATE_SWIFT_ASSET_SYMBOL_EXTENSIONS = YES;
				CLANG_ANALYZER_NONNULL = YES;
				CLANG_ANALYZER_NUMBER_OBJECT_CONVERSION = YES_AGGRESSIVE;
				CLANG_CXX_LANGUAGE_STANDARD = "gnu++20";
				CLANG_ENABLE_MODULES = YES;
				CLANG_ENABLE_OBJC_ARC = YES;
				CLANG_ENABLE_OBJC_WEAK = YES;
				CLANG_WARN_BLOCK_CAPTURE_AUTORELEASING = YES;
				CLANG_WARN_BOOL_CONVERSION = YES;
				CLANG_WARN_COMMA = YES;
				CLANG_WARN_CONSTANT_CONVERSION = YES;
				CLANG_WARN_DEPRECATED_OBJC_IMPLEMENTATIONS = YES;
				CLANG_WARN_DIRECT_OBJC_ISA_USAGE = YES_ERROR;
				CLANG_WARN_DOCUMENTATION_COMMENTS = YES;
				CLANG_WARN_EMPTY_BODY = YES;
				CLANG_WARN_ENUM_CONVERSION = YES;
				CLANG_WARN_INFINITE_RECURSION = YES;
				CLANG_WARN_INT_CONVERSION = YES;
				CLANG_WARN_NON_LITERAL_NULL_CONVERSION = YES;
				CLANG_WARN_OBJC_IMPLICIT_RETAIN_SELF = YES;
				CLANG_WARN_OBJC_LITERAL_CONVERSION = YES;
				CLANG_WARN_OBJC_ROOT_CLASS = YES_ERROR;
				CLANG_WARN_QUOTED_INCLUDE_IN_FRAMEWORK_HEADER = YES;
				CLANG_WARN_RANGE_LOOP_ANALYSIS = YES;
				CLANG_WARN_STRICT_PROTOTYPES = YES;
				CLANG_WARN_SUSPICIOUS_MOVE = YES;
				CLANG_WARN_UNGUARDED_AVAILABILITY = YES_AGGRESSIVE;
				CLANG_WARN_UNREACHABLE_CODE = YES;
				CLANG_WARN__DUPLICATE_METHOD_MATCH = YES;
				COPY_PHASE_STRIP = NO;
				DEBUG_INFORMATION_FORMAT = dwarf;
				DEVELOPMENT_TEAM = 7NW33277C8;
				ENABLE_STRICT_OBJC_MSGSEND = YES;
				ENABLE_TESTABILITY = YES;
				ENABLE_USER_SCRIPT_SANDBOXING = YES;
				GCC_C_LANGUAGE_STANDARD = gnu17;
				GCC_DYNAMIC_NO_PIC = NO;
				GCC_NO_COMMON_BLOCKS = YES;
				GCC_OPTIMIZATION_LEVEL = 0;
				GCC_PREPROCESSOR_DEFINITIONS = (
					"DEBUG=1",
					"$(inherited)",
				);
				GCC_WARN_64_TO_32_BIT_CONVERSION = YES;
				GCC_WARN_ABOUT_RETURN_TYPE = YES_ERROR;
				GCC_WARN_UNDECLARED_SELECTOR = YES;
				GCC_WARN_UNINITIALIZED_AUTOS = YES_AGGRESSIVE;
				GCC_WARN_UNUSED_FUNCTION = YES;
				GCC_WARN_UNUSED_VARIABLE = YES;
				IPHONEOS_DEPLOYMENT_TARGET = 26.4;
				LOCALIZATION_PREFERS_STRING_CATALOGS = YES;
				MTL_ENABLE_DEBUG_INFO = INCLUDE_SOURCE;
				MTL_FAST_MATH = YES;
				ONLY_ACTIVE_ARCH = YES;
				SDKROOT = iphoneos;
				SWIFT_ACTIVE_COMPILATION_CONDITIONS = "DEBUG $(inherited)";
				SWIFT_OPTIMIZATION_LEVEL = "-Onone";
			};
			name = Debug;
		};
		3F4C3C162F8CE0FD00A9EB58 /* Release */ = {
			isa = XCBuildConfiguration;
			buildSettings = {
				ALWAYS_SEARCH_USER_PATHS = NO;
				ASSETCATALOG_COMPILER_GENERATE_SWIFT_ASSET_SYMBOL_EXTENSIONS = YES;
				CLANG_ANALYZER_NONNULL = YES;
				CLANG_ANALYZER_NUMBER_OBJECT_CONVERSION = YES_AGGRESSIVE;
				CLANG_CXX_LANGUAGE_STANDARD = "gnu++20";
				CLANG_ENABLE_MODULES = YES;
				CLANG_ENABLE_OBJC_ARC = YES;
				CLANG_ENABLE_OBJC_WEAK = YES;
				CLANG_WARN_BLOCK_CAPTURE_AUTORELEASING = YES;
				CLANG_WARN_BOOL_CONVERSION = YES;
				CLANG_WARN_COMMA = YES;
				CLANG_WARN_CONSTANT_CONVERSION = YES;
				CLANG_WARN_DEPRECATED_OBJC_IMPLEMENTATIONS = YES;
				CLANG_WARN_DIRECT_OBJC_ISA_USAGE = YES_ERROR;
				CLANG_WARN_DOCUMENTATION_COMMENTS = YES;
				CLANG_WARN_EMPTY_BODY = YES;
				CLANG_WARN_ENUM_CONVERSION = YES;
				CLANG_WARN_INFINITE_RECURSION = YES;
				CLANG_WARN_INT_CONVERSION = YES;
				CLANG_WARN_NON_LITERAL_NULL_CONVERSION = YES;
				CLANG_WARN_OBJC_IMPLICIT_RETAIN_SELF = YES;
				CLANG_WARN_OBJC_LITERAL_CONVERSION = YES;
				CLANG_WARN_OBJC_ROOT_CLASS = YES_ERROR;
				CLANG_WARN_QUOTED_INCLUDE_IN_FRAMEWORK_HEADER = YES;
				CLANG_WARN_RANGE_LOOP_ANALYSIS = YES;
				CLANG_WARN_STRICT_PROTOTYPES = YES;
				CLANG_WARN_SUSPICIOUS_MOVE = YES;
				CLANG_WARN_UNGUARDED_AVAILABILITY = YES_AGGRESSIVE;
				CLANG_WARN_UNREACHABLE_CODE = YES;
				CLANG_WARN__DUPLICATE_METHOD_MATCH = YES;
				COPY_PHASE_STRIP = NO;
				DEBUG_INFORMATION_FORMAT = "dwarf-with-dsym";
				DEVELOPMENT_TEAM = 7NW33277C8;
				ENABLE_NS_ASSERTIONS = NO;
				ENABLE_STRICT_OBJC_MSGSEND = YES;
				ENABLE_USER_SCRIPT_SANDBOXING = YES;
				GCC_C_LANGUAGE_STANDARD = gnu17;
				GCC_NO_COMMON_BLOCKS = YES;
				GCC_WARN_64_TO_32_BIT_CONVERSION = YES;
				GCC_WARN_ABOUT_RETURN_TYPE = YES_ERROR;
				GCC_WARN_UNDECLARED_SELECTOR = YES;
				GCC_WARN_UNINITIALIZED_AUTOS = YES_AGGRESSIVE;
				GCC_WARN_UNUSED_FUNCTION = YES;
				GCC_WARN_UNUSED_VARIABLE = YES;
				IPHONEOS_DEPLOYMENT_TARGET = 26.4;
				LOCALIZATION_PREFERS_STRING_CATALOGS = YES;
				MTL_ENABLE_DEBUG_INFO = NO;
				MTL_FAST_MATH = YES;
				SDKROOT = iphoneos;
				SWIFT_COMPILATION_MODE = wholemodule;
				VALIDATE_PRODUCT = YES;
			};
			name = Release;
		};
		3F4C3C182F8CE0FD00A9EB58 /* Debug */ = {
			isa = XCBuildConfiguration;
			buildSettings = {
				ASSETCATALOG_COMPILER_APPICON_NAME = AppIcon;
				ASSETCATALOG_COMPILER_GLOBAL_ACCENT_COLOR_NAME = AccentColor;
				CODE_SIGN_ENTITLEMENTS = Shift/Shift.entitlements;
				CODE_SIGN_STYLE = Automatic;
				CURRENT_PROJECT_VERSION = 1;
				DEVELOPMENT_TEAM = 7NW33277C8;
				ENABLE_PREVIEWS = YES;
				GENERATE_INFOPLIST_FILE = YES;
				INFOPLIST_FILE = Shift/Info.plist;
				INFOPLIST_KEY_CFBundleDisplayName = Shift;
				INFOPLIST_KEY_ITSAppUsesNonExemptEncryption = NO;
				INFOPLIST_KEY_LSApplicationCategoryType = "public.app-category.healthcare-fitness";
				INFOPLIST_KEY_NSHealthShareUsageDescription = "Shift reads your body weight and workout history to keep your profile current and count all your gym sessions.";
				INFOPLIST_KEY_NSHealthUpdateUsageDescription = "Shift saves your completed workouts and body weight to Apple Health.";
				INFOPLIST_KEY_NSSupportsLiveActivities = YES;
				INFOPLIST_KEY_UIApplicationSceneManifest_Generation = YES;
				INFOPLIST_KEY_UIApplicationSupportsIndirectInputEvents = YES;
				INFOPLIST_KEY_UILaunchScreen_Generation = YES;
				INFOPLIST_KEY_UIStatusBarStyle = "";
				INFOPLIST_KEY_UISupportedInterfaceOrientations_iPad = "UIInterfaceOrientationPortrait UIInterfaceOrientationPortraitUpsideDown UIInterfaceOrientationLandscapeLeft UIInterfaceOrientationLandscapeRight";
				INFOPLIST_KEY_UISupportedInterfaceOrientations_iPhone = UIInterfaceOrientationPortrait;
				IPHONEOS_DEPLOYMENT_TARGET = 17.0;
				LD_RUNPATH_SEARCH_PATHS = (
					"$(inherited)",
					"@executable_path/Frameworks",
				);
				MARKETING_VERSION = 2.0.6;
				PRODUCT_BUNDLE_IDENTIFIER = com.zuhayrk.shift;
				PRODUCT_NAME = "$(TARGET_NAME)";
				STRING_CATALOG_GENERATE_SYMBOLS = YES;
				SWIFT_APPROACHABLE_CONCURRENCY = YES;
				SWIFT_DEFAULT_ACTOR_ISOLATION = nonisolated;
				SWIFT_EMIT_LOC_STRINGS = YES;
				SWIFT_UPCOMING_FEATURE_MEMBER_IMPORT_VISIBILITY = YES;
				SWIFT_VERSION = 5.0;
				TARGETED_DEVICE_FAMILY = "1,2";
			};
			name = Debug;
		};
		3F4C3C192F8CE0FD00A9EB58 /* Release */ = {
			isa = XCBuildConfiguration;
			buildSettings = {
				ASSETCATALOG_COMPILER_APPICON_NAME = AppIcon;
				ASSETCATALOG_COMPILER_GLOBAL_ACCENT_COLOR_NAME = AccentColor;
				CODE_SIGN_ENTITLEMENTS = Shift/Shift.entitlements;
				CODE_SIGN_STYLE = Automatic;
				CURRENT_PROJECT_VERSION = 1;
				DEVELOPMENT_TEAM = 7NW33277C8;
				ENABLE_PREVIEWS = YES;
				GENERATE_INFOPLIST_FILE = YES;
				INFOPLIST_FILE = Shift/Info.plist;
				INFOPLIST_KEY_CFBundleDisplayName = Shift;
				INFOPLIST_KEY_ITSAppUsesNonExemptEncryption = NO;
				INFOPLIST_KEY_LSApplicationCategoryType = "public.app-category.healthcare-fitness";
				INFOPLIST_KEY_NSHealthShareUsageDescription = "Shift reads your body weight and workout history to keep your profile current and count all your gym sessions.";
				INFOPLIST_KEY_NSHealthUpdateUsageDescription = "Shift saves your completed workouts and body weight to Apple Health.";
				INFOPLIST_KEY_NSSupportsLiveActivities = YES;
				INFOPLIST_KEY_UIApplicationSceneManifest_Generation = YES;
				INFOPLIST_KEY_UIApplicationSupportsIndirectInputEvents = YES;
				INFOPLIST_KEY_UILaunchScreen_Generation = YES;
				INFOPLIST_KEY_UIStatusBarStyle = "";
				INFOPLIST_KEY_UISupportedInterfaceOrientations_iPad = "UIInterfaceOrientationPortrait UIInterfaceOrientationPortraitUpsideDown UIInterfaceOrientationLandscapeLeft UIInterfaceOrientationLandscapeRight";
				INFOPLIST_KEY_UISupportedInterfaceOrientations_iPhone = UIInterfaceOrientationPortrait;
				IPHONEOS_DEPLOYMENT_TARGET = 17.0;
				LD_RUNPATH_SEARCH_PATHS = (
					"$(inherited)",
					"@executable_path/Frameworks",
				);
				MARKETING_VERSION = 2.0.6;
				PRODUCT_BUNDLE_IDENTIFIER = com.zuhayrk.shift;
				PRODUCT_NAME = "$(TARGET_NAME)";
				STRING_CATALOG_GENERATE_SYMBOLS = YES;
				SWIFT_APPROACHABLE_CONCURRENCY = YES;
				SWIFT_DEFAULT_ACTOR_ISOLATION = nonisolated;
				SWIFT_EMIT_LOC_STRINGS = YES;
				SWIFT_UPCOMING_FEATURE_MEMBER_IMPORT_VISIBILITY = YES;
				SWIFT_VERSION = 5.0;
				TARGETED_DEVICE_FAMILY = "1,2";
			};
			name = Release;
		};
		3F824DF12F8CEE75000009CB /* Debug */ = {
			isa = XCBuildConfiguration;
			buildSettings = {
				ASSETCATALOG_COMPILER_GLOBAL_ACCENT_COLOR_NAME = AccentColor;
				ASSETCATALOG_COMPILER_WIDGET_BACKGROUND_COLOR_NAME = WidgetBackground;
				CODE_SIGN_ENTITLEMENTS = ShiftTimerWidget/ShiftTimerWidget.entitlements;
				CODE_SIGN_STYLE = Automatic;
				CURRENT_PROJECT_VERSION = 1;
				DEVELOPMENT_TEAM = 7NW33277C8;
				GENERATE_INFOPLIST_FILE = YES;
				INFOPLIST_FILE = ShiftTimerWidget/Info.plist;
				INFOPLIST_KEY_CFBundleDisplayName = ShiftTimerWidget;
				INFOPLIST_KEY_NSHumanReadableCopyright = "";
				IPHONEOS_DEPLOYMENT_TARGET = 17.0;
				LD_RUNPATH_SEARCH_PATHS = (
					"$(inherited)",
					"@executable_path/Frameworks",
					"@executable_path/../../Frameworks",
				);
				MARKETING_VERSION = 2.0.4;
				PRODUCT_BUNDLE_IDENTIFIER = com.zuhayrk.shift.ShiftTimerWidget;
				PRODUCT_NAME = "$(TARGET_NAME)";
				SKIP_INSTALL = YES;
				STRING_CATALOG_GENERATE_SYMBOLS = YES;
				SWIFT_APPROACHABLE_CONCURRENCY = YES;
				SWIFT_DEFAULT_ACTOR_ISOLATION = nonisolated;
				SWIFT_EMIT_LOC_STRINGS = YES;
				SWIFT_UPCOMING_FEATURE_MEMBER_IMPORT_VISIBILITY = YES;
				SWIFT_VERSION = 5.0;
				TARGETED_DEVICE_FAMILY = "1,2";
			};
			name = Debug;
		};
		3F824DF22F8CEE75000009CB /* Release */ = {
			isa = XCBuildConfiguration;
			buildSettings = {
				ASSETCATALOG_COMPILER_GLOBAL_ACCENT_COLOR_NAME = AccentColor;
				ASSETCATALOG_COMPILER_WIDGET_BACKGROUND_COLOR_NAME = WidgetBackground;
				CODE_SIGN_ENTITLEMENTS = ShiftTimerWidget/ShiftTimerWidget.entitlements;
				CODE_SIGN_STYLE = Automatic;
				CURRENT_PROJECT_VERSION = 1;
				DEVELOPMENT_TEAM = 7NW33277C8;
				GENERATE_INFOPLIST_FILE = YES;
				INFOPLIST_FILE = ShiftTimerWidget/Info.plist;
				INFOPLIST_KEY_CFBundleDisplayName = ShiftTimerWidget;
				INFOPLIST_KEY_NSHumanReadableCopyright = "";
				IPHONEOS_DEPLOYMENT_TARGET = 17.0;
				LD_RUNPATH_SEARCH_PATHS = (
					"$(inherited)",
					"@executable_path/Frameworks",
					"@executable_path/../../Frameworks",
				);
				MARKETING_VERSION = 2.0.4;
				PRODUCT_BUNDLE_IDENTIFIER = com.zuhayrk.shift.ShiftTimerWidget;
				PRODUCT_NAME = "$(TARGET_NAME)";
				SKIP_INSTALL = YES;
				STRING_CATALOG_GENERATE_SYMBOLS = YES;
				SWIFT_APPROACHABLE_CONCURRENCY = YES;
				SWIFT_DEFAULT_ACTOR_ISOLATION = nonisolated;
				SWIFT_EMIT_LOC_STRINGS = YES;
				SWIFT_UPCOMING_FEATURE_MEMBER_IMPORT_VISIBILITY = YES;
				SWIFT_VERSION = 5.0;
				TARGETED_DEVICE_FAMILY = "1,2";
			};
			name = Release;
		};
		AA00000BAAAA00000000000B /* Debug */ = {
			isa = XCBuildConfiguration;
			buildSettings = {
				BUNDLE_LOADER = "$(TEST_HOST)";
				CODE_SIGN_STYLE = Automatic;
				CURRENT_PROJECT_VERSION = 1;
				DEVELOPMENT_TEAM = 7NW33277C8;
				GENERATE_INFOPLIST_FILE = YES;
				IPHONEOS_DEPLOYMENT_TARGET = 17.0;
				PRODUCT_BUNDLE_IDENTIFIER = com.zuhayrk.shift.tests;
				PRODUCT_NAME = "$(TARGET_NAME)";
				SWIFT_APPROACHABLE_CONCURRENCY = YES;
				SWIFT_DEFAULT_ACTOR_ISOLATION = nonisolated;
				SWIFT_UPCOMING_FEATURE_MEMBER_IMPORT_VISIBILITY = YES;
				SWIFT_VERSION = 5.0;
				TARGETED_DEVICE_FAMILY = "1,2";
				TEST_HOST = "$(BUILT_PRODUCTS_DIR)/Shift.app/$(BUNDLE_EXECUTABLE_FOLDER_PATH)/Shift";
			};
			name = Debug;
		};
		AA00000CAAAA00000000000C /* Release */ = {
			isa = XCBuildConfiguration;
			buildSettings = {
				BUNDLE_LOADER = "$(TEST_HOST)";
				CODE_SIGN_STYLE = Automatic;
				CURRENT_PROJECT_VERSION = 1;
				DEVELOPMENT_TEAM = 7NW33277C8;
				GENERATE_INFOPLIST_FILE = YES;
				IPHONEOS_DEPLOYMENT_TARGET = 17.0;
				PRODUCT_BUNDLE_IDENTIFIER = com.zuhayrk.shift.tests;
				PRODUCT_NAME = "$(TARGET_NAME)";
				SWIFT_APPROACHABLE_CONCURRENCY = YES;
				SWIFT_DEFAULT_ACTOR_ISOLATION = nonisolated;
				SWIFT_UPCOMING_FEATURE_MEMBER_IMPORT_VISIBILITY = YES;
				SWIFT_VERSION = 5.0;
				TARGETED_DEVICE_FAMILY = "1,2";
				TEST_HOST = "$(BUILT_PRODUCTS_DIR)/Shift.app/$(BUNDLE_EXECUTABLE_FOLDER_PATH)/Shift";
			};
			name = Release;
		};
		BB000021BBBB000000000021 /* Debug */ = {
			isa = XCBuildConfiguration;
			buildSettings = {
				ASSETCATALOG_COMPILER_APPICON_NAME = AppIcon;
				CODE_SIGN_ENTITLEMENTS = ShiftWatch/ShiftWatch.entitlements;
				CODE_SIGN_STYLE = Automatic;
				CURRENT_PROJECT_VERSION = 1;
				DEVELOPMENT_TEAM = 7NW33277C8;
				ENABLE_PREVIEWS = YES;
				GENERATE_INFOPLIST_FILE = YES;
				INFOPLIST_KEY_CFBundleDisplayName = Shift;
				INFOPLIST_KEY_UISupportedInterfaceOrientations = "UIInterfaceOrientationPortrait UIInterfaceOrientationPortraitUpsideDown";
				INFOPLIST_KEY_WKCompanionAppBundleIdentifier = com.zuhayrk.shift;
				LD_RUNPATH_SEARCH_PATHS = (
					"$(inherited)",
					"@executable_path/Frameworks",
				);
				MARKETING_VERSION = 2.0.6;
				PRODUCT_BUNDLE_IDENTIFIER = com.zuhayrk.shift.watchkitapp;
				PRODUCT_NAME = "$(TARGET_NAME)";
				SDKROOT = watchos;
				SKIP_INSTALL = YES;
				SWIFT_APPROACHABLE_CONCURRENCY = YES;
				SWIFT_DEFAULT_ACTOR_ISOLATION = nonisolated;
				SWIFT_EMIT_LOC_STRINGS = YES;
				SWIFT_UPCOMING_FEATURE_MEMBER_IMPORT_VISIBILITY = YES;
				SWIFT_VERSION = 5.0;
				TARGETED_DEVICE_FAMILY = 4;
				WATCHOS_DEPLOYMENT_TARGET = 10.0;
			};
			name = Debug;
		};
		BB000022BBBB000000000022 /* Release */ = {
			isa = XCBuildConfiguration;
			buildSettings = {
				ASSETCATALOG_COMPILER_APPICON_NAME = AppIcon;
				CODE_SIGN_ENTITLEMENTS = ShiftWatch/ShiftWatch.entitlements;
				CODE_SIGN_STYLE = Automatic;
				CURRENT_PROJECT_VERSION = 1;
				DEVELOPMENT_TEAM = 7NW33277C8;
				ENABLE_PREVIEWS = YES;
				GENERATE_INFOPLIST_FILE = YES;
				INFOPLIST_KEY_CFBundleDisplayName = Shift;
				INFOPLIST_KEY_UISupportedInterfaceOrientations = "UIInterfaceOrientationPortrait UIInterfaceOrientationPortraitUpsideDown";
				INFOPLIST_KEY_WKCompanionAppBundleIdentifier = com.zuhayrk.shift;
				LD_RUNPATH_SEARCH_PATHS = (
					"$(inherited)",
					"@executable_path/Frameworks",
				);
				MARKETING_VERSION = 2.0.6;
				PRODUCT_BUNDLE_IDENTIFIER = com.zuhayrk.shift.watchkitapp;
				PRODUCT_NAME = "$(TARGET_NAME)";
				SDKROOT = watchos;
				SKIP_INSTALL = YES;
				SWIFT_APPROACHABLE_CONCURRENCY = YES;
				SWIFT_DEFAULT_ACTOR_ISOLATION = nonisolated;
				SWIFT_EMIT_LOC_STRINGS = YES;
				SWIFT_UPCOMING_FEATURE_MEMBER_IMPORT_VISIBILITY = YES;
				SWIFT_VERSION = 5.0;
				TARGETED_DEVICE_FAMILY = 4;
				WATCHOS_DEPLOYMENT_TARGET = 10.0;
			};
			name = Release;
		};
/* End XCBuildConfiguration section */

/* Begin XCConfigurationList section */
		3F4C3C072F8CE0FC00A9EB58 /* Build configuration list for PBXProject "Shift" */ = {
			isa = XCConfigurationList;
			buildConfigurations = (
				3F4C3C152F8CE0FD00A9EB58 /* Debug */,
				3F4C3C162F8CE0FD00A9EB58 /* Release */,
			);
			defaultConfigurationIsVisible = 0;
			defaultConfigurationName = Release;
		};
		3F4C3C172F8CE0FD00A9EB58 /* Build configuration list for PBXNativeTarget "Shift" */ = {
			isa = XCConfigurationList;
			buildConfigurations = (
				3F4C3C182F8CE0FD00A9EB58 /* Debug */,
				3F4C3C192F8CE0FD00A9EB58 /* Release */,
			);
			defaultConfigurationIsVisible = 0;
			defaultConfigurationName = Release;
		};
		3F824DF02F8CEE75000009CB /* Build configuration list for PBXNativeTarget "ShiftTimerWidgetExtension" */ = {
			isa = XCConfigurationList;
			buildConfigurations = (
				3F824DF12F8CEE75000009CB /* Debug */,
				3F824DF22F8CEE75000009CB /* Release */,
			);
			defaultConfigurationIsVisible = 0;
			defaultConfigurationName = Release;
		};
		AA00000DAAAA00000000000D /* Build configuration list for PBXNativeTarget "ShiftTests" */ = {
			isa = XCConfigurationList;
			buildConfigurations = (
				AA00000BAAAA00000000000B /* Debug */,
				AA00000CAAAA00000000000C /* Release */,
			);
			defaultConfigurationIsVisible = 0;
			defaultConfigurationName = Release;
		};
		BB000020BBBB000000000020 /* Build configuration list for PBXNativeTarget "ShiftWatch" */ = {
			isa = XCConfigurationList;
			buildConfigurations = (
				BB000021BBBB000000000021 /* Debug */,
				BB000022BBBB000000000022 /* Release */,
			);
			defaultConfigurationIsVisible = 0;
			defaultConfigurationName = Release;
		};
/* End XCConfigurationList section */

/* Begin XCRemoteSwiftPackageReference section */
		3F824B3F2F8CE832000009CB /* XCRemoteSwiftPackageReference "supabase-swift" */ = {
			isa = XCRemoteSwiftPackageReference;
			repositoryURL = "https://github.com/supabase/supabase-swift";
			requirement = {
				kind = upToNextMajorVersion;
				minimumVersion = 2.5.1;
			};
		};
		3F824B422F8CE89E000009CB /* XCRemoteSwiftPackageReference "GRDB" */ = {
			isa = XCRemoteSwiftPackageReference;
			repositoryURL = "https://github.com/groue/GRDB.swift";
			requirement = {
				kind = upToNextMajorVersion;
				minimumVersion = 7.0.0;
			};
		};
/* End XCRemoteSwiftPackageReference section */

/* Begin XCSwiftPackageProductDependency section */
		3F824B402F8CE832000009CB /* Supabase */ = {
			isa = XCSwiftPackageProductDependency;
			package = 3F824B3F2F8CE832000009CB /* XCRemoteSwiftPackageReference "supabase-swift" */;
			productName = Supabase;
		};
		3F824B432F8CE89E000009CB /* GRDB */ = {
			isa = XCSwiftPackageProductDependency;
			package = 3F824B422F8CE89E000009CB /* XCRemoteSwiftPackageReference "GRDB" */;
			productName = GRDB;
		};
/* End XCSwiftPackageProductDependency section */
	};
	rootObject = 3F4C3C042F8CE0FC00A9EB58 /* Project object */;
}
